{
  "version": 1,
  "dependencies": {
    "net8.0": {
      "Markdig": {
        "type": "Direct",
        "requested": "[0.37.0, )",
        "resolved": "0.37.0",
        "contentHash": "biiu4MTPFjW55qw6v5Aphtj0MjDLJ14x8ndZwkJUHIeqvaSGKeqhLY7S7Vu/S3k7/c9KwhhnaCDP9hdFNUhcNA=="
      },
      "dev.mamallama.checkrunnerlib": {
        "type": "Project"
      }
    }
  }
}